
Microsoft Visual Studio Solution File, Format Version 12.00
# Visual Studio Version 16
VisualStudioVersion = 16.0.30804.86
MinimumVisualStudioVersion = 10.0.40219.1
Project("{FAE04EC0-301F-11D3-BF4B-00C04F79EFBC}") = "AppPruebaConsultarPedidos", "AppPruebaConsultarPedidos\AppPruebaConsultarPedidos.csproj", "{7A8924DF-10C6-41C6-87FC-AC7D4D1F7156}"
EndProject
Project("{FAE04EC0-301F-11D3-BF4B-00C04F79EFBC}") = "Application", "Application\Application.csproj", "{E1AFCB1D-174E-4690-8B9D-6F0021FF0F2E}"
EndProject
Project("{FAE04EC0-301F-11D3-BF4B-00C04F79EFBC}") = "Domain", "Domain\Domain.csproj", "{82CA3EBD-C143-4F95-8CA1-70369E276721}"
EndProject
Project("{FAE04EC0-301F-11D3-BF4B-00C04F79EFBC}") = "Infrastructure", "Infrastructure\Infrastructure.csproj", "{E8B5CF6F-0451-4DD7-926B-3CA449DD833A}"
EndProject
Global
	GlobalSection(SolutionConfigurationPlatforms) = preSolution
		Debug|Any CPU = Debug|Any CPU
		Release|Any CPU = Release|Any CPU
	EndGlobalSection
	GlobalSection(ProjectConfigurationPlatforms) = postSolution
		{7A8924DF-10C6-41C6-87FC-AC7D4D1F7156}.Debug|Any CPU.ActiveCfg = Debug|Any CPU
		{7A8924DF-10C6-41C6-87FC-AC7D4D1F7156}.Debug|Any CPU.Build.0 = Debug|Any CPU
		{7A8924DF-10C6-41C6-87FC-AC7D4D1F7156}.Release|Any CPU.ActiveCfg = Release|Any CPU
		{7A8924DF-10C6-41C6-87FC-AC7D4D1F7156}.Release|Any CPU.Build.0 = Release|Any CPU
		{E1AFCB1D-174E-4690-8B9D-6F0021FF0F2E}.Debug|Any CPU.ActiveCfg = Debug|Any CPU
		{E1AFCB1D-174E-4690-8B9D-6F0021FF0F2E}.Debug|Any CPU.Build.0 = Debug|Any CPU
		{E1AFCB1D-174E-4690-8B9D-6F0021FF0F2E}.Release|Any CPU.ActiveCfg = Release|Any CPU
		{E1AFCB1D-174E-4690-8B9D-6F0021FF0F2E}.Release|Any CPU.Build.0 = Release|Any CPU
		{82CA3EBD-C143-4F95-8CA1-70369E276721}.Debug|Any CPU.ActiveCfg = Debug|Any CPU
		{82CA3EBD-C143-4F95-8CA1-70369E276721}.Debug|Any CPU.Build.0 = Debug|Any CPU
		{82CA3EBD-C143-4F95-8CA1-70369E276721}.Release|Any CPU.ActiveCfg = Release|Any CPU
		{82CA3EBD-C143-4F95-8CA1-70369E276721}.Release|Any CPU.Build.0 = Release|Any CPU
		{E8B5CF6F-0451-4DD7-926B-3CA449DD833A}.Debug|Any CPU.ActiveCfg = Debug|Any CPU
		{E8B5CF6F-0451-4DD7-926B-3CA449DD833A}.Debug|Any CPU.Build.0 = Debug|Any CPU
		{E8B5CF6F-0451-4DD7-926B-3CA449DD833A}.Release|Any CPU.ActiveCfg = Release|Any CPU
		{E8B5CF6F-0451-4DD7-926B-3CA449DD833A}.Release|Any CPU.Build.0 = Release|Any CPU
	EndGlobalSection
	GlobalSection(SolutionProperties) = preSolution
		HideSolutionNode = FALSE
	EndGlobalSection
	GlobalSection(ExtensibilityGlobals) = postSolution
		SolutionGuid = {916112DE-EC52-4C1E-B1F4-044F54E66AFC}
	EndGlobalSection
EndGlobal
